{
  "name": "lp.rtls-replay",
  "version": "1.0.0",
  "lockfileVersion": 1,
  "requires": true,
  "dependencies": {
    "config": {
      "version": "3.3.8",
      "resolved": "https://registry.npmjs.org/config/-/config-3.3.8.tgz",
      "integrity": "sha512-rFzF6VESOdp7wAXFlB9IOZI4ouL05g3A03v2eRcTHj2JBQaTNJ40zhAUl5wRbWHqLZ+uqp/7OE0BWWtAVgrong==",
      "requires": {
        "json5": "^2.2.1"
      }
    },
    "dgram": {
      "version": "1.0.1",
      "resolved": "https://registry.npmjs.org/dgram/-/dgram-1.0.1.tgz",
      "integrity": "sha1-N/OyAPgDOl/3WTAwicgc42G2UcM="
    },
    "json5": {
      "version": "2.2.3",
      "resolved": "https://registry.npmjs.org/json5/-/json5-2.2.3.tgz",
      "integrity": "sha512-XmOWe7eyHYH14cLdVPoyg+GOH3rYX++KpzrylJwSW98t3Nk+U8XOl8FWKOgwtzdb8lXGf6zYwDUzeHMWfxasyg=="
    },
    "pcap-parser": {
      "version": "0.2.1",
      "resolved": "https://registry.npmjs.org/pcap-parser/-/pcap-parser-0.2.1.tgz",
      "integrity": "sha1-Cnl66BDCj/CM6RCLxQnTI7/mqm8="
    }
  }
}
